// !$*UTF8*$!
{
	archiveVersion = 1;
	classes = {
	};
	objectVersion = 48;
	objects = {

/* Begin PBXBuildFile section */
		5470434220127AE800F33DDB /* AppDelegate.swift in Sources */ = {isa = PBXBuildFile; fileRef = 5470434120127AE800F33DDB /* AppDelegate.swift */; };
		5470434420127AE800F33DDB /* ViewController.swift in Sources */ = {isa = PBXBuildFile; fileRef = 5470434320127AE800F33DDB /* ViewController.swift */; };
		5470434720127AE800F33DDB /* Main.storyboard in Resources */ = {isa = PBXBuildFile; fileRef = 5470434520127AE800F33DDB /* Main.storyboard */; };
		5470434920127AE800F33DDB /* Assets.xcassets in Resources */ = {isa = PBXBuildFile; fileRef = 5470434820127AE800F33DDB /* Assets.xcassets */; };
		5470434C20127AE800F33DDB /* LaunchScreen.storyboard in Resources */ = {isa = PBXBuildFile; fileRef = 5470434A20127AE800F33DDB /* LaunchScreen.storyboard */; };
		5470435720127AE800F33DDB /* TextToSpeechTests.swift in Sources */ = {isa = PBXBuildFile; fileRef = 5470435620127AE800F33DDB /* TextToSpeechTests.swift */; };
		5470436220127AE800F33DDB /* TextToSpeechUITests.swift in Sources */ = {isa = PBXBuildFile; fileRef = 5470436120127AE800F33DDB /* TextToSpeechUITests.swift */; };
/* End PBXBuildFile section */

/* Begin PBXContainerItemProxy section */
		5470435320127AE800F33DDB /* PBXContainerItemProxy */ = {
			isa = PBXContainerItemProxy;
			containerPortal = 5470433620127AE800F33DDB /* Project object */;
			proxyType = 1;
			remoteGlobalIDString = 5470433D20127AE800F33DDB;
			remoteInfo = TextToSpeech;
		};
		5470435E20127AE800F33DDB /* PBXContainerItemProxy */ = {
			isa = PBXContainerItemProxy;
			containerPortal = 5470433620127AE800F33DDB /* Project object */;
			proxyType = 1;
			remoteGlobalIDString = 5470433D20127AE800F33DDB;
			remoteInfo = TextToSpeech;
		};
/* End PBXContainerItemProxy section */

/* Begin PBXFileReference section */
		5470433E20127AE800F33DDB /* TextToSpeech.app */ = {isa = PBXFileReference; explicitFileType = wrapper.application; includeInIndex = 0; path = TextToSpeech.app; sourceTree = BUILT_PRODUCTS_DIR; };
		5470434120127AE800F33DDB /* AppDelegate.swift */ = {isa = PBXFileReference; lastKnownFileType = sourcecode.swift; path = AppDelegate.swift; sourceTree = "<group>"; };
		5470434320127AE800F33DDB /* ViewController.swift */ = {isa = PBXFileReference; lastKnownFileType = sourcecode.swift; path = ViewController.swift; sourceTree = "<group>"; };
		5470434620127AE800F33DDB /* Base */ = {isa = PBXFileReference; lastKnownFileType = file.storyboard; name = Base; path = Base.lproj/Main.storyboard; sourceTree = "<group>"; };
		5470434820127AE800F33DDB /* Assets.xcassets */ = {isa = PBXFileReference; lastKnownFileType = folder.assetcatalog; path = Assets.xcassets; sourceTree = "<group>"; };
		5470434B20127AE800F33DDB /* Base */ = {isa = PBXFileReference; lastKnownFileType = file.storyboard; name = Base; path = Base.lproj/LaunchScreen.storyboard; sourceTree = "<group>"; };
		5470434D20127AE800F33DDB /* Info.plist */ = {isa = PBXFileReference; lastKnownFileType = text.plist.xml; path = Info.plist; sourceTree = "<group>"; };
		5470435220127AE800F33DDB /* TextToSpeechTests.xctest */ = {isa = PBXFileReference; explicitFileType = wrapper.cfbundle; includeInIndex = 0; path = TextToSpeechTests.xctest; sourceTree = BUILT_PRODUCTS_DIR; };
		5470435620127AE800F33DDB /* TextToSpeechTests.swift */ = {isa = PBXFileReference; lastKnownFileType = sourcecode.swift; path = TextToSpeechTests.swift; sourceTree = "<group>"; };
		5470435820127AE800F33DDB /* Info.plist */ = {isa = PBXFileReference; lastKnownFileType = text.plist.xml; path = Info.plist; sourceTree = "<group>"; };
		5470435D20127AE800F33DDB /* TextToSpeechUITests.xctest */ = {isa = PBXFileReference; explicitFileType = wrapper.cfbundle; includeInIndex = 0; path = TextToSpeechUITests.xctest; sourceTree = BUILT_PRODUCTS_DIR; };
		5470436120127AE800F33DDB /* TextToSpeechUITests.swift */ = {isa = PBXFileReference; lastKnownFileType = sourcecode.swift; path = TextToSpeechUITests.swift; sourceTree = "<group>"; };
		5470436320127AE800F33DDB /* Info.plist */ = {isa = PBXFileReference; lastKnownFileType = text.plist.xml; path = Info.plist; sourceTree = "<group>"; };
/* End PBXFileReference section */

/* Begin PBXFrameworksBuildPhase section */
		5470433B20127AE800F33DDB /* Frameworks */ = {
			isa = PBXFrameworksBuildPhase;
			buildActionMask = 2147483647;
			files = (
			);
			runOnlyForDeploymentPostprocessing = 0;
		};
		5470434F20127AE800F33DDB /* Frameworks */ = {
			isa = PBXFrameworksBuildPhase;
			buildActionMask = 2147483647;
			files = (
			);
			runOnlyForDeploymentPostprocessing = 0;
		};
		5470435A20127AE800F33DDB /* Frameworks */ = {
			isa = PBXFrameworksBuildPhase;
			buildActionMask = 2147483647;
			files = (
			);
			runOnlyForDeploymentPostprocessing = 0;
		};
/* End PBXFrameworksBuildPhase section */

/* Begin PBXGroup section */
		5470433520127AE800F33DDB = {
			isa = PBXGroup;
			children = (
				5470434020127AE800F33DDB /* TextToSpeech */,
				5470435520127AE800F33DDB /* TextToSpeechTests */,
				5470436020127AE800F33DDB /* TextToSpeechUITests */,
				5470433F20127AE800F33DDB /* Products */,
			);
			sourceTree = "<group>";
		};
		5470433F20127AE800F33DDB /* Products */ = {
			isa = PBXGroup;
			children = (
				5470433E20127AE800F33DDB /* TextToSpeech.app */,
				5470435220127AE800F33DDB /* TextToSpeechTests.xctest */,
				5470435D20127AE800F33DDB /* TextToSpeechUITests.xctest */,
			);
			name = Products;
			sourceTree = "<group>";
		};
		5470434020127AE800F33DDB /* TextToSpeech */ = {
			isa = PBXGroup;
			children = (
				5470434120127AE800F33DDB /* AppDelegate.swift */,
				5470434320127AE800F33DDB /* ViewController.swift */,
				5470434520127AE800F33DDB /* Main.storyboard */,
				5470434820127AE800F33DDB /* Assets.xcassets */,
				5470434A20127AE800F33DDB /* LaunchScreen.storyboard */,
				5470434D20127AE800F33DDB /* Info.plist */,
			);
			path = TextToSpeech;
			sourceTree = "<group>";
		};
		5470435520127AE800F33DDB /* TextToSpeechTests */ = {
			isa = PBXGroup;
			children = (
				5470435620127AE800F33DDB /* TextToSpeechTests.swift */,
				5470435820127AE800F33DDB /* Info.plist */,
			);
			path = TextToSpeechTests;
			sourceTree = "<group>";
		};
		5470436020127AE800F33DDB /* TextToSpeechUITests */ = {
			isa = PBXGroup;
			children = (
				5470436120127AE800F33DDB /* TextToSpeechUITests.swift */,
				5470436320127AE800F33DDB /* Info.plist */,
			);
			path = TextToSpeechUITests;
			sourceTree = "<group>";
		};
/* End PBXGroup section */

/* Begin PBXNativeTarget section */
		5470433D20127AE800F33DDB /* TextToSpeech */ = {
			isa = PBXNativeTarget;
			buildConfigurationList = 5470436620127AE800F33DDB /* Build configuration list for PBXNativeTarget "TextToSpeech" */;
			buildPhases = (
				5470433A20127AE800F33DDB /* Sources */,
				5470433B20127AE800F33DDB /* Frameworks */,
				5470433C20127AE800F33DDB /* Resources */,
			);
			buildRules = (
			);
			dependencies = (
			);
			name = TextToSpeech;
			productName = TextToSpeech;
			productReference = 5470433E20127AE800F33DDB /* TextToSpeech.app */;
			productType = "com.apple.product-type.application";
		};
		5470435120127AE800F33DDB /* TextToSpeechTests */ = {
			isa = PBXNativeTarget;
			buildConfigurationList = 5470436920127AE800F33DDB /* Build configuration list for PBXNativeTarget "TextToSpeechTests" */;
			buildPhases = (
				5470434E20127AE800F33DDB /* Sources */,
				5470434F20127AE800F33DDB /* Frameworks */,
				5470435020127AE800F33DDB /* Resources */,
			);
			buildRules = (
			);
			dependencies = (
				5470435420127AE800F33DDB /* PBXTargetDependency */,
			);
			name = TextToSpeechTests;
			productName = TextToSpeechTests;
			productReference = 5470435220127AE800F33DDB /* TextToSpeechTests.xctest */;
			productType = "com.apple.product-type.bundle.unit-test";
		};
		5470435C20127AE800F33DDB /* TextToSpeechUITests */ = {
			isa = PBXNativeTarget;
			buildConfigurationList = 5470436C20127AE800F33DDB /* Build configuration list for PBXNativeTarget "TextToSpeechUITests" */;
			buildPhases = (
				5470435920127AE800F33DDB /* Sources */,
				5470435A20127AE800F33DDB /* Frameworks */,
				5470435B20127AE800F33DDB /* Resources */,
			);
			buildRules = (
			);
			dependencies = (
				5470435F20127AE800F33DDB /* PBXTargetDependency */,
			);
			name = TextToSpeechUITests;
			productName = TextToSpeechUITests;
			productReference = 5470435D20127AE800F33DDB /* TextToSpeechUITests.xctest */;
			productType = "com.apple.product-type.bundle.ui-testing";
		};
/* End PBXNativeTarget section */

/* Begin PBXProject section */
		5470433620127AE800F33DDB /* Project object */ = {
			isa = PBXProject;
			attributes = {
				LastSwiftUpdateCheck = 0920;
				LastUpgradeCheck = 0920;
				ORGANIZATIONNAME = "Vitaliy Krynytskyy";
				TargetAttributes = {
					5470433D20127AE800F33DDB = {
						CreatedOnToolsVersion = 9.2;
						ProvisioningStyle = Automatic;
					};
					5470435120127AE800F33DDB = {
						CreatedOnToolsVersion = 9.2;
						ProvisioningStyle = Automatic;
						TestTargetID = 5470433D20127AE800F33DDB;
					};
					5470435C20127AE800F33DDB = {
						CreatedOnToolsVersion = 9.2;
						ProvisioningStyle = Automatic;
						TestTargetID = 5470433D20127AE800F33DDB;
					};
				};
			};
			buildConfigurationList = 5470433920127AE800F33DDB /* Build configuration list for PBXProject "TextToSpeech" */;
			compatibilityVersion = "Xcode 8.0";
			developmentRegion = en;
			hasScannedForEncodings = 0;
			knownRegions = (
				en,
				Base,
			);
			mainGroup = 5470433520127AE800F33DDB;
			productRefGroup = 5470433F20127AE800F33DDB /* Products */;
			projectDirPath = "";
			projectRoot = "";
			targets = (
				5470433D20127AE800F33DDB /* TextToSpeech */,
				5470435120127AE800F33DDB /* TextToSpeechTests */,
				5470435C20127AE800F33DDB /* TextToSpeechUITests */,
			);
		};
/* End PBXProject section */

/* Begin PBXResourcesBuildPhase section */
		5470433C20127AE800F33DDB /* Resources */ = {
			isa = PBXResourcesBuildPhase;
			buildActionMask = 2147483647;
			files = (
				5470434C20127AE800F33DDB /* LaunchScreen.storyboard in Resources */,
				5470434920127AE800F33DDB /* Assets.xcassets in Resources */,
				5470434720127AE800F33DDB /* Main.storyboard in Resources */,
			);
			runOnlyForDeploymentPostprocessing = 0;
		};
		5470435020127AE800F33DDB /* Resources */ = {
			isa = PBXResourcesBuildPhase;
			buildActionMask = 2147483647;
			files = (
			);
			runOnlyForDeploymentPostprocessing = 0;
		};
		5470435B20127AE800F33DDB /* Resources */ = {
			isa = PBXResourcesBuildPhase;
			buildActionMask = 2147483647;
			files = (
			);
			runOnlyForDeploymentPostprocessing = 0;
		};
/* End PBXResourcesBuildPhase section */

/* Begin PBXSourcesBuildPhase section */
		5470433A20127AE800F33DDB /* Sources */ = {
			isa = PBXSourcesBuildPhase;
			buildActionMask = 2147483647;
			files = (
				5470434420127AE800F33DDB /* ViewController.swift in Sources */,
				5470434220127AE800F33DDB /* AppDelegate.swift in Sources */,
			);
			runOnlyForDeploymentPostprocessing = 0;
		};
		5470434E20127AE800F33DDB /* Sources */ = {
			isa = PBXSourcesBuildPhase;
			buildActionMask = 2147483647;
			files = (
				5470435720127AE800F33DDB /* TextToSpeechTests.swift in Sources */,
			);
			runOnlyForDeploymentPostprocessing = 0;
		};
		5470435920127AE800F33DDB /* Sources */ = {
			isa = PBXSourcesBuildPhase;
			buildActionMask = 2147483647;
			files = (
				5470436220127AE800F33DDB /* TextToSpeechUITests.swift in Sources */,
			);
			runOnlyForDeploymentPostprocessing = 0;
		};
/* End PBXSourcesBuildPhase section */

/* Begin PBXTargetDependency section */
		5470435420127AE800F33DDB /* PBXTargetDependency */ = {
			isa = PBXTargetDependency;
			target = 5470433D20127AE800F33DDB /* TextToSpeech */;
			targetProxy = 5470435320127AE800F33DDB /* PBXContainerItemProxy */;
		};
		5470435F20127AE800F33DDB /* PBXTargetDependency */ = {
			isa = PBXTargetDependency;
			target = 5470433D20127AE800F33DDB /* TextToSpeech */;
			targetProxy = 5470435E20127AE800F33DDB /* PBXContainerItemProxy */;
		};
/* End PBXTargetDependency section */

/* Begin PBXVariantGroup section */
		5470434520127AE800F33DDB /* Main.storyboard */ = {
			isa = PBXVariantGroup;
			children = (
				5470434620127AE800F33DDB /* Base */,
			);
			name = Main.storyboard;
			sourceTree = "<group>";
		};
		5470434A20127AE800F33DDB /* LaunchScreen.storyboard */ = {
			isa = PBXVariantGroup;
			children = (
				5470434B20127AE800F33DDB /* Base */,
			);
			name = LaunchScreen.storyboard;
			sourceTree = "<group>";
		};
/* End PBXVariantGroup section */

/* Begin XCBuildConfiguration section */
		5470436420127AE800F33DDB /* Debug */ = {
			isa = XCBuildConfiguration;
			buildSettings = {
				ALWAYS_SEARCH_USER_PATHS = NO;
				CLANG_ANALYZER_NONNULL = YES;
				CLANG_ANALYZER_NUMBER_OBJECT_CONVERSION = YES_AGGRESSIVE;
				CLANG_CXX_LANGUAGE_STANDARD = "gnu++14";
				CLANG_CXX_LIBRARY = "libc++";
				CLANG_ENABLE_MODULES = YES;
				CLANG_ENABLE_OBJC_ARC = YES;
				CLANG_WARN_BLOCK_CAPTURE_AUTORELEASING = YES;
				CLANG_WARN_BOOL_CONVERSION = YES;
				CLANG_WARN_COMMA = YES;
				CLANG_WARN_CONSTANT_CONVERSION = YES;
				CLANG_WARN_DIRECT_OBJC_ISA_USAGE = YES_ERROR;
				CLANG_WARN_DOCUMENTATION_COMMENTS = YES;
				CLANG_WARN_EMPTY_BODY = YES;
				CLANG_WARN_ENUM_CONVERSION = YES;
				CLANG_WARN_INFINITE_RECURSION = YES;
				CLANG_WARN_INT_CONVERSION = YES;
				CLANG_WARN_NON_LITERAL_NULL_CONVERSION = YES;
				CLANG_WARN_OBJC_LITERAL_CONVERSION = YES;
				CLANG_WARN_OBJC_ROOT_CLASS = YES_ERROR;
				CLANG_WARN_RANGE_LOOP_ANALYSIS = YES;
				CLANG_WARN_STRICT_PROTOTYPES = YES;
				CLANG_WARN_SUSPICIOUS_MOVE = YES;
				CLANG_WARN_UNGUARDED_AVAILABILITY = YES_AGGRESSIVE;
				CLANG_WARN_UNREACHABLE_CODE = YES;
				CLANG_WARN__DUPLICATE_METHOD_MATCH = YES;
				CODE_SIGN_IDENTITY = "iPhone Developer";
				COPY_PHASE_STRIP = NO;
				DEBUG_INFORMATION_FORMAT = dwarf;
				ENABLE_STRICT_OBJC_MSGSEND = YES;
				ENABLE_TESTABILITY = YES;
				GCC_C_LANGUAGE_STANDARD = gnu11;
				GCC_DYNAMIC_NO_PIC = NO;
				GCC_NO_COMMON_BLOCKS = YES;
				GCC_OPTIMIZATION_LEVEL = 0;
				GCC_PREPROCESSOR_DEFINITIONS = (
					"DEBUG=1",
					"$(inherited)",
				);
				GCC_WARN_64_TO_32_BIT_CONVERSION = YES;
				GCC_WARN_ABOUT_RETURN_TYPE = YES_ERROR;
				GCC_WARN_UNDECLARED_SELECTOR = YES;
				GCC_WARN_UNINITIALIZED_AUTOS = YES_AGGRESSIVE;
				GCC_WARN_UNUSED_FUNCTION = YES;
				GCC_WARN_UNUSED_VARIABLE = YES;
				IPHONEOS_DEPLOYMENT_TARGET = 11.2;
				MTL_ENABLE_DEBUG_INFO = YES;
				ONLY_ACTIVE_ARCH = YES;
				SDKROOT = iphoneos;
				SWIFT_ACTIVE_COMPILATION_CONDITIONS = DEBUG;
				SWIFT_OPTIMIZATION_LEVEL = "-Onone";
			};
			name = Debug;
		};
		5470436520127AE800F33DDB /* Release */ = {
			isa = XCBuildConfiguration;
			buildSettings = {
				ALWAYS_SEARCH_USER_PATHS = NO;
				CLANG_ANALYZER_NONNULL = YES;
				CLANG_ANALYZER_NUMBER_OBJECT_CONVERSION = YES_AGGRESSIVE;
				CLANG_CXX_LANGUAGE_STANDARD = "gnu++14";
				CLANG_CXX_LIBRARY = "libc++";
				CLANG_ENABLE_MODULES = YES;
				CLANG_ENABLE_OBJC_ARC = YES;
				CLANG_WARN_BLOCK_CAPTURE_AUTORELEASING = YES;
				CLANG_WARN_BOOL_CONVERSION = YES;
				CLANG_WARN_COMMA = YES;
				CLANG_WARN_CONSTANT_CONVERSION = YES;
				CLANG_WARN_DIRECT_OBJC_ISA_USAGE = YES_ERROR;
				CLANG_WARN_DOCUMENTATION_COMMENTS = YES;
				CLANG_WARN_EMPTY_BODY = YES;
				CLANG_WARN_ENUM_CONVERSION = YES;
				CLANG_WARN_INFINITE_RECURSION = YES;
				CLANG_WARN_INT_CONVERSION = YES;
				CLANG_WARN_NON_LITERAL_NULL_CONVERSION = YES;
				CLANG_WARN_OBJC_LITERAL_CONVERSION = YES;
				CLANG_WARN_OBJC_ROOT_CLASS = YES_ERROR;
				CLANG_WARN_RANGE_LOOP_ANALYSIS = YES;
				CLANG_WARN_STRICT_PROTOTYPES = YES;
				CLANG_WARN_SUSPICIOUS_MOVE = YES;
				CLANG_WARN_UNGUARDED_AVAILABILITY = YES_AGGRESSIVE;
				CLANG_WARN_UNREACHABLE_CODE = YES;
				CLANG_WARN__DUPLICATE_METHOD_MATCH = YES;
				CODE_SIGN_IDENTITY = "iPhone Developer";
				COPY_PHASE_STRIP = NO;
				DEBUG_INFORMATION_FORMAT = "dwarf-with-dsym";
				ENABLE_NS_ASSERTIONS = NO;
				ENABLE_STRICT_OBJC_MSGSEND = YES;
				GCC_C_LANGUAGE_STANDARD = gnu11;
				GCC_NO_COMMON_BLOCKS = YES;
				GCC_WARN_64_TO_32_BIT_CONVERSION = YES;
				GCC_WARN_ABOUT_RETURN_TYPE = YES_ERROR;
				GCC_WARN_UNDECLARED_SELECTOR = YES;
				GCC_WARN_UNINITIALIZED_AUTOS = YES_AGGRESSIVE;
				GCC_WARN_UNUSED_FUNCTION = YES;
				GCC_WARN_UNUSED_VARIABLE = YES;
				IPHONEOS_DEPLOYMENT_TARGET = 11.2;
				MTL_ENABLE_DEBUG_INFO = NO;
				SDKROOT = iphoneos;
				SWIFT_OPTIMIZATION_LEVEL = "-Owholemodule";
				VALIDATE_PRODUCT = YES;
			};
			name = Release;
		};
		5470436720127AE800F33DDB /* Debug */ = {
			isa = XCBuildConfiguration;
			buildSettings = {
				ASSETCATALOG_COMPILER_APPICON_NAME = AppIcon;
				CODE_SIGN_STYLE = Automatic;
				DEVELOPMENT_TEAM = GUUT9QSKM3;
				INFOPLIST_FILE = TextToSpeech/Info.plist;
				LD_RUNPATH_SEARCH_PATHS = "$(inherited) @executable_path/Frameworks";
				PRODUCT_BUNDLE_IDENTIFIER = com.vitaliy.TextToSpeech;
				PRODUCT_NAME = "$(TARGET_NAME)";
				SWIFT_VERSION = 4.0;
				TARGETED_DEVICE_FAMILY = "1,2";
			};
			name = Debug;
		};
		5470436820127AE800F33DDB /* Release */ = {
			isa = XCBuildConfiguration;
			buildSettings = {
				ASSETCATALOG_COMPILER_APPICON_NAME = AppIcon;
				CODE_SIGN_STYLE = Automatic;
				DEVELOPMENT_TEAM = GUUT9QSKM3;
				INFOPLIST_FILE = TextToSpeech/Info.plist;
				LD_RUNPATH_SEARCH_PATHS = "$(inherited) @executable_path/Frameworks";
				PRODUCT_BUNDLE_IDENTIFIER = com.vitaliy.TextToSpeech;
				PRODUCT_NAME = "$(TARGET_NAME)";
				SWIFT_VERSION = 4.0;
				TARGETED_DEVICE_FAMILY = "1,2";
			};
			name = Release;
		};
		5470436A20127AE800F33DDB /* Debug */ = {
			isa = XCBuildConfiguration;
			buildSettings = {
				ALWAYS_EMBED_SWIFT_STANDARD_LIBRARIES = YES;
				BUNDLE_LOADER = "$(TEST_HOST)";
				CODE_SIGN_STYLE = Automatic;
				DEVELOPMENT_TEAM = GUUT9QSKM3;
				INFOPLIST_FILE = TextToSpeechTests/Info.plist;
				LD_RUNPATH_SEARCH_PATHS = "$(inherited) @executable_path/Frameworks @loader_path/Frameworks";
				PRODUCT_BUNDLE_IDENTIFIER = com.vitaliy.TextToSpeechTests;
				PRODUCT_NAME = "$(TARGET_NAME)";
				SWIFT_VERSION = 4.0;
				TARGETED_DEVICE_FAMILY = "1,2";
				TEST_HOST = "$(BUILT_PRODUCTS_DIR)/TextToSpeech.app/TextToSpeech";
			};
			name = Debug;
		};
		5470436B20127AE800F33DDB /* Release */ = {
			isa = XCBuildConfiguration;
			buildSettings = {
				ALWAYS_EMBED_SWIFT_STANDARD_LIBRARIES = YES;
				BUNDLE_LOADER = "$(TEST_HOST)";
				CODE_SIGN_STYLE = Automatic;
				DEVELOPMENT_TEAM = GUUT9QSKM3;
				INFOPLIST_FILE = TextToSpeechTests/Info.plist;
				LD_RUNPATH_SEARCH_PATHS = "$(inherited) @executable_path/Frameworks @loader_path/Frameworks";
				PRODUCT_BUNDLE_IDENTIFIER = com.vitaliy.TextToSpeechTests;
				PRODUCT_NAME = "$(TARGET_NAME)";
				SWIFT_VERSION = 4.0;
				TARGETED_DEVICE_FAMILY = "1,2";
				TEST_HOST = "$(BUILT_PRODUCTS_DIR)/TextToSpeech.app/TextToSpeech";
			};
			name = Release;
		};
		5470436D20127AE800F33DDB /* Debug */ = {
			isa = XCBuildConfiguration;
			buildSettings = {
				ALWAYS_EMBED_SWIFT_STANDARD_LIBRARIES = YES;
				CODE_SIGN_STYLE = Automatic;
				DEVELOPMENT_TEAM = GUUT9QSKM3;
				INFOPLIST_FILE = TextToSpeechUITests/Info.plist;
				LD_RUNPATH_SEARCH_PATHS = "$(inherited) @executable_path/Frameworks @loader_path/Frameworks";
				PRODUCT_BUNDLE_IDENTIFIER = com.vitaliy.TextToSpeechUITests;
				PRODUCT_NAME = "$(TARGET_NAME)";
				SWIFT_VERSION = 4.0;
				TARGETED_DEVICE_FAMILY = "1,2";
				TEST_TARGET_NAME = TextToSpeech;
			};
			name = Debug;
		};
		5470436E20127AE800F33DDB /* Release */ = {
			isa = XCBuildConfiguration;
			buildSettings = {
				ALWAYS_EMBED_SWIFT_STANDARD_LIBRARIES = YES;
				CODE_SIGN_STYLE = Automatic;
				DEVELOPMENT_TEAM = GUUT9QSKM3;
				INFOPLIST_FILE = TextToSpeechUITests/Info.plist;
				LD_RUNPATH_SEARCH_PATHS = "$(inherited) @executable_path/Frameworks @loader_path/Frameworks";
				PRODUCT_BUNDLE_IDENTIFIER = com.vitaliy.TextToSpeechUITests;
				PRODUCT_NAME = "$(TARGET_NAME)";
				SWIFT_VERSION = 4.0;
				TARGETED_DEVICE_FAMILY = "1,2";
				TEST_TARGET_NAME = TextToSpeech;
			};
			name = Release;
		};
/* End XCBuildConfiguration section */

/* Begin XCConfigurationList section */
		5470433920127AE800F33DDB /* Build configuration list for PBXProject "TextToSpeech" */ = {
			isa = XCConfigurationList;
			buildConfigurations = (
				5470436420127AE800F33DDB /* Debug */,
				5470436520127AE800F33DDB /* Release */,
			);
			defaultConfigurationIsVisible = 0;
			defaultConfigurationName = Release;
		};
		5470436620127AE800F33DDB /* Build configuration list for PBXNativeTarget "TextToSpeech" */ = {
			isa = XCConfigurationList;
			buildConfigurations = (
				5470436720127AE800F33DDB /* Debug */,
				5470436820127AE800F33DDB /* Release */,
			);
			defaultConfigurationIsVisible = 0;
			defaultConfigurationName = Release;
		};
		5470436920127AE800F33DDB /* Build configuration list for PBXNativeTarget "TextToSpeechTests" */ = {
			isa = XCConfigurationList;
			buildConfigurations = (
				5470436A20127AE800F33DDB /* Debug */,
				5470436B20127AE800F33DDB /* Release */,
			);
			defaultConfigurationIsVisible = 0;
			defaultConfigurationName = Release;
		};
		5470436C20127AE800F33DDB /* Build configuration list for PBXNativeTarget "TextToSpeechUITests" */ = {
			isa = XCConfigurationList;
			buildConfigurations = (
				5470436D20127AE800F33DDB /* Debug */,
				5470436E20127AE800F33DDB /* Release */,
			);
			defaultConfigurationIsVisible = 0;
			defaultConfigurationName = Release;
		};
/* End XCConfigurationList section */
	};
	rootObject = 5470433620127AE800F33DDB /* Project object */;
}
